// !$*UTF8*$!
{
	archiveVersion = 1;
	classes = {
	};
	objectVersion = 50;
	objects = {

/* Begin PBXBuildFile section */
		E74C355B2434C1170019197C /* AppDelegate.swift in Sources */ = {isa = PBXBuildFile; fileRef = E74C355A2434C1170019197C /* AppDelegate.swift */; };
		E74C355D2434C1170019197C /* SceneDelegate.swift in Sources */ = {isa = PBXBuildFile; fileRef = E74C355C2434C1170019197C /* SceneDelegate.swift */; };
		E74C355F2434C1170019197C /* ViewController.swift in Sources */ = {isa = PBXBuildFile; fileRef = E74C355E2434C1170019197C /* ViewController.swift */; };
		E74C35622434C1170019197C /* Main.storyboard in Resources */ = {isa = PBXBuildFile; fileRef = E74C35602434C1170019197C /* Main.storyboard */; };
		E74C35642434C1180019197C /* Assets.xcassets in Resources */ = {isa = PBXBuildFile; fileRef = E74C35632434C1180019197C /* Assets.xcassets */; };
		E74C35672434C1180019197C /* LaunchScreen.storyboard in Resources */ = {isa = PBXBuildFile; fileRef = E74C35652434C1180019197C /* LaunchScreen.storyboard */; };
		E74C35702434C1AF0019197C /* MyObjectDetector.mlmodel in Sources */ = {isa = PBXBuildFile; fileRef = E74C356E2434C1AE0019197C /* MyObjectDetector.mlmodel */; };
		E74C35712434C1AF0019197C /* VisionObjectRecognitionViewController.swift in Sources */ = {isa = PBXBuildFile; fileRef = E74C356F2434C1AF0019197C /* VisionObjectRecognitionViewController.swift */; };
/* End PBXBuildFile section */

/* Begin PBXFileReference section */
		E74C35572434C1170019197C /* Fruitable.app */ = {isa = PBXFileReference; explicitFileType = wrapper.application; includeInIndex = 0; path = Fruitable.app; sourceTree = BUILT_PRODUCTS_DIR; };
		E74C355A2434C1170019197C /* AppDelegate.swift */ = {isa = PBXFileReference; lastKnownFileType = sourcecode.swift; path = AppDelegate.swift; sourceTree = "<group>"; };
		E74C355C2434C1170019197C /* SceneDelegate.swift */ = {isa = PBXFileReference; lastKnownFileType = sourcecode.swift; path = SceneDelegate.swift; sourceTree = "<group>"; };
		E74C355E2434C1170019197C /* ViewController.swift */ = {isa = PBXFileReference; lastKnownFileType = sourcecode.swift; path = ViewController.swift; sourceTree = "<group>"; };
		E74C35612434C1170019197C /* Base */ = {isa = PBXFileReference; lastKnownFileType = file.storyboard; name = Base; path = Base.lproj/Main.storyboard; sourceTree = "<group>"; };
		E74C35632434C1180019197C /* Assets.xcassets */ = {isa = PBXFileReference; lastKnownFileType = folder.assetcatalog; path = Assets.xcassets; sourceTree = "<group>"; };
		E74C35662434C1180019197C /* Base */ = {isa = PBXFileReference; lastKnownFileType = file.storyboard; name = Base; path = Base.lproj/LaunchScreen.storyboard; sourceTree = "<group>"; };
		E74C35682434C1180019197C /* Info.plist */ = {isa = PBXFileReference; lastKnownFileType = text.plist.xml; path = Info.plist; sourceTree = "<group>"; };
		E74C356E2434C1AE0019197C /* MyObjectDetector.mlmodel */ = {isa = PBXFileReference; lastKnownFileType = file.mlmodel; path = MyObjectDetector.mlmodel; sourceTree = "<group>"; };
		E74C356F2434C1AF0019197C /* VisionObjectRecognitionViewController.swift */ = {isa = PBXFileReference; fileEncoding = 4; lastKnownFileType = sourcecode.swift; path = VisionObjectRecognitionViewController.swift; sourceTree = "<group>"; };
/* End PBXFileReference section */

/* Begin PBXFrameworksBuildPhase section */
		E74C35542434C1170019197C /* Frameworks */ = {
			isa = PBXFrameworksBuildPhase;
			buildActionMask = 2147483647;
			files = (
			);
			runOnlyForDeploymentPostprocessing = 0;
		};
/* End PBXFrameworksBuildPhase section */

/* Begin PBXGroup section */
		E74C354E2434C1170019197C = {
			isa = PBXGroup;
			children = (
				E74C35592434C1170019197C /* Fruitable */,
				E74C35582434C1170019197C /* Products */,
			);
			sourceTree = "<group>";
		};
		E74C35582434C1170019197C /* Products */ = {
			isa = PBXGroup;
			children = (
				E74C35572434C1170019197C /* Fruitable.app */,
			);
			name = Products;
			sourceTree = "<group>";
		};
		E74C35592434C1170019197C /* Fruitable */ = {
			isa = PBXGroup;
			children = (
				E74C356E2434C1AE0019197C /* MyObjectDetector.mlmodel */,
				E74C355A2434C1170019197C /* AppDelegate.swift */,
				E74C355C2434C1170019197C /* SceneDelegate.swift */,
				E74C355E2434C1170019197C /* ViewController.swift */,
				E74C356F2434C1AF0019197C /* VisionObjectRecognitionViewController.swift */,
				E74C35602434C1170019197C /* Main.storyboard */,
				E74C35632434C1180019197C /* Assets.xcassets */,
				E74C35652434C1180019197C /* LaunchScreen.storyboard */,
				E74C35682434C1180019197C /* Info.plist */,
			);
			path = Fruitable;
			sourceTree = "<group>";
		};
/* End PBXGroup section */

/* Begin PBXNativeTarget section */
		E74C35562434C1170019197C /* Fruitable */ = {
			isa = PBXNativeTarget;
			buildConfigurationList = E74C356B2434C1180019197C /* Build configuration list for PBXNativeTarget "Fruitable" */;
			buildPhases = (
				E74C35532434C1170019197C /* Sources */,
				E74C35542434C1170019197C /* Frameworks */,
				E74C35552434C1170019197C /* Resources */,
			);
			buildRules = (
			);
			dependencies = (
			);
			name = Fruitable;
			productName = Fruitable;
			productReference = E74C35572434C1170019197C /* Fruitable.app */;
			productType = "com.apple.product-type.application";
		};
/* End PBXNativeTarget section */

/* Begin PBXProject section */
		E74C354F2434C1170019197C /* Project object */ = {
			isa = PBXProject;
			attributes = {
				LastSwiftUpdateCheck = 1140;
				LastUpgradeCheck = 1140;
				ORGANIZATIONNAME = "Andrea Capone";
				TargetAttributes = {
					E74C35562434C1170019197C = {
						CreatedOnToolsVersion = 11.4;
					};
				};
			};
			buildConfigurationList = E74C35522434C1170019197C /* Build configuration list for PBXProject "Fruitable" */;
			compatibilityVersion = "Xcode 9.3";
			developmentRegion = en;
			hasScannedForEncodings = 0;
			knownRegions = (
				en,
				Base,
			);
			mainGroup = E74C354E2434C1170019197C;
			productRefGroup = E74C35582434C1170019197C /* Products */;
			projectDirPath = "";
			projectRoot = "";
			targets = (
				E74C35562434C1170019197C /* Fruitable */,
			);
		};
/* End PBXProject section */

/* Begin PBXResourcesBuildPhase section */
		E74C35552434C1170019197C /* Resources */ = {
			isa = PBXResourcesBuildPhase;
			buildActionMask = 2147483647;
			files = (
				E74C35672434C1180019197C /* LaunchScreen.storyboard in Resources */,
				E74C35642434C1180019197C /* Assets.xcassets in Resources */,
				E74C35622434C1170019197C /* Main.storyboard in Resources */,
			);
			runOnlyForDeploymentPostprocessing = 0;
		};
/* End PBXResourcesBuildPhase section */

/* Begin PBXSourcesBuildPhase section */
		E74C35532434C1170019197C /* Sources */ = {
			isa = PBXSourcesBuildPhase;
			buildActionMask = 2147483647;
			files = (
				E74C355F2434C1170019197C /* ViewController.swift in Sources */,
				E74C355B2434C1170019197C /* AppDelegate.swift in Sources */,
				E74C355D2434C1170019197C /* SceneDelegate.swift in Sources */,
				E74C35702434C1AF0019197C /* MyObjectDetector.mlmodel in Sources */,
				E74C35712434C1AF0019197C /* VisionObjectRecognitionViewController.swift in Sources */,
			);
			runOnlyForDeploymentPostprocessing = 0;
		};
/* End PBXSourcesBuildPhase section */

/* Begin PBXVariantGroup section */
		E74C35602434C1170019197C /* Main.storyboard */ = {
			isa = PBXVariantGroup;
			children = (
				E74C35612434C1170019197C /* Base */,
			);
			name = Main.storyboard;
			sourceTree = "<group>";
		};
		E74C35652434C1180019197C /* LaunchScreen.storyboard */ = {
			isa = PBXVariantGroup;
			children = (
				E74C35662434C1180019197C /* Base */,
			);
			name = LaunchScreen.storyboard;
			sourceTree = "<group>";
		};
/* End PBXVariantGroup section */

/* Begin XCBuildConfiguration section */
		E74C35692434C1180019197C /* Debug */ = {
			isa = XCBuildConfiguration;
			buildSettings = {
				ALWAYS_SEARCH_USER_PATHS = NO;
				CLANG_ANALYZER_NONNULL = YES;
				CLANG_ANALYZER_NUMBER_OBJECT_CONVERSION = YES_AGGRESSIVE;
				CLANG_CXX_LANGUAGE_STANDARD = "gnu++14";
				CLANG_CXX_LIBRARY = "libc++";
				CLANG_ENABLE_MODULES = YES;
				CLANG_ENABLE_OBJC_ARC = YES;
				CLANG_ENABLE_OBJC_WEAK = YES;
				CLANG_WARN_BLOCK_CAPTURE_AUTORELEASING = YES;
				CLANG_WARN_BOOL_CONVERSION = YES;
				CLANG_WARN_COMMA = YES;
				CLANG_WARN_CONSTANT_CONVERSION = YES;
				CLANG_WARN_DEPRECATED_OBJC_IMPLEMENTATIONS = YES;
				CLANG_WARN_DIRECT_OBJC_ISA_USAGE = YES_ERROR;
				CLANG_WARN_DOCUMENTATION_COMMENTS = YES;
				CLANG_WARN_EMPTY_BODY = YES;
				CLANG_WARN_ENUM_CONVERSION = YES;
				CLANG_WARN_INFINITE_RECURSION = YES;
				CLANG_WARN_INT_CONVERSION = YES;
				CLANG_WARN_NON_LITERAL_NULL_CONVERSION = YES;
				CLANG_WARN_OBJC_IMPLICIT_RETAIN_SELF = YES;
				CLANG_WARN_OBJC_LITERAL_CONVERSION = YES;
				CLANG_WARN_OBJC_ROOT_CLASS = YES_ERROR;
				CLANG_WARN_RANGE_LOOP_ANALYSIS = YES;
				CLANG_WARN_STRICT_PROTOTYPES = YES;
				CLANG_WARN_SUSPICIOUS_MOVE = YES;
				CLANG_WARN_UNGUARDED_AVAILABILITY = YES_AGGRESSIVE;
				CLANG_WARN_UNREACHABLE_CODE = YES;
				CLANG_WARN__DUPLICATE_METHOD_MATCH = YES;
				COPY_PHASE_STRIP = NO;
				DEBUG_INFORMATION_FORMAT = dwarf;
				ENABLE_STRICT_OBJC_MSGSEND = YES;
				ENABLE_TESTABILITY = YES;
				GCC_C_LANGUAGE_STANDARD = gnu11;
				GCC_DYNAMIC_NO_PIC = NO;
				GCC_NO_COMMON_BLOCKS = YES;
				GCC_OPTIMIZATION_LEVEL = 0;
				GCC_PREPROCESSOR_DEFINITIONS = (
					"DEBUG=1",
					"$(inherited)",
				);
				GCC_WARN_64_TO_32_BIT_CONVERSION = YES;
				GCC_WARN_ABOUT_RETURN_TYPE = YES_ERROR;
				GCC_WARN_UNDECLARED_SELECTOR = YES;
				GCC_WARN_UNINITIALIZED_AUTOS = YES_AGGRESSIVE;
				GCC_WARN_UNUSED_FUNCTION = YES;
				GCC_WARN_UNUSED_VARIABLE = YES;
				IPHONEOS_DEPLOYMENT_TARGET = 13.4;
				MTL_ENABLE_DEBUG_INFO = INCLUDE_SOURCE;
				MTL_FAST_MATH = YES;
				ONLY_ACTIVE_ARCH = YES;
				SDKROOT = iphoneos;
				SWIFT_ACTIVE_COMPILATION_CONDITIONS = DEBUG;
				SWIFT_OPTIMIZATION_LEVEL = "-Onone";
			};
			name = Debug;
		};
		E74C356A2434C1180019197C /* Release */ = {
			isa = XCBuildConfiguration;
			buildSettings = {
				ALWAYS_SEARCH_USER_PATHS = NO;
				CLANG_ANALYZER_NONNULL = YES;
				CLANG_ANALYZER_NUMBER_OBJECT_CONVERSION = YES_AGGRESSIVE;
				CLANG_CXX_LANGUAGE_STANDARD = "gnu++14";
				CLANG_CXX_LIBRARY = "libc++";
				CLANG_ENABLE_MODULES = YES;
				CLANG_ENABLE_OBJC_ARC = YES;
				CLANG_ENABLE_OBJC_WEAK = YES;
				CLANG_WARN_BLOCK_CAPTURE_AUTORELEASING = YES;
				CLANG_WARN_BOOL_CONVERSION = YES;
				CLANG_WARN_COMMA = YES;
				CLANG_WARN_CONSTANT_CONVERSION = YES;
				CLANG_WARN_DEPRECATED_OBJC_IMPLEMENTATIONS = YES;
				CLANG_WARN_DIRECT_OBJC_ISA_USAGE = YES_ERROR;
				CLANG_WARN_DOCUMENTATION_COMMENTS = YES;
				CLANG_WARN_EMPTY_BODY = YES;
				CLANG_WARN_ENUM_CONVERSION = YES;
				CLANG_WARN_INFINITE_RECURSION = YES;
				CLANG_WARN_INT_CONVERSION = YES;
				CLANG_WARN_NON_LITERAL_NULL_CONVERSION = YES;
				CLANG_WARN_OBJC_IMPLICIT_RETAIN_SELF = YES;
				CLANG_WARN_OBJC_LITERAL_CONVERSION = YES;
				CLANG_WARN_OBJC_ROOT_CLASS = YES_ERROR;
				CLANG_WARN_RANGE_LOOP_ANALYSIS = YES;
				CLANG_WARN_STRICT_PROTOTYPES = YES;
				CLANG_WARN_SUSPICIOUS_MOVE = YES;
				CLANG_WARN_UNGUARDED_AVAILABILITY = YES_AGGRESSIVE;
				CLANG_WARN_UNREACHABLE_CODE = YES;
				CLANG_WARN__DUPLICATE_METHOD_MATCH = YES;
				COPY_PHASE_STRIP = NO;
				DEBUG_INFORMATION_FORMAT = "dwarf-with-dsym";
				ENABLE_NS_ASSERTIONS = NO;
				ENABLE_STRICT_OBJC_MSGSEND = YES;
				GCC_C_LANGUAGE_STANDARD = gnu11;
				GCC_NO_COMMON_BLOCKS = YES;
				GCC_WARN_64_TO_32_BIT_CONVERSION = YES;
				GCC_WARN_ABOUT_RETURN_TYPE = YES_ERROR;
				GCC_WARN_UNDECLARED_SELECTOR = YES;
				GCC_WARN_UNINITIALIZED_AUTOS = YES_AGGRESSIVE;
				GCC_WARN_UNUSED_FUNCTION = YES;
				GCC_WARN_UNUSED_VARIABLE = YES;
				IPHONEOS_DEPLOYMENT_TARGET = 13.4;
				MTL_ENABLE_DEBUG_INFO = NO;
				MTL_FAST_MATH = YES;
				SDKROOT = iphoneos;
				SWIFT_COMPILATION_MODE = wholemodule;
				SWIFT_OPTIMIZATION_LEVEL = "-O";
				VALIDATE_PRODUCT = YES;
			};
			name = Release;
		};
		E74C356C2434C1180019197C /* Debug */ = {
			isa = XCBuildConfiguration;
			buildSettings = {
				ASSETCATALOG_COMPILER_APPICON_NAME = AppIcon;
				CODE_SIGN_STYLE = Automatic;
				DEVELOPMENT_TEAM = 256756VFT8;
				INFOPLIST_FILE = Fruitable/Info.plist;
				LD_RUNPATH_SEARCH_PATHS = (
					"$(inherited)",
					"@executable_path/Frameworks",
				);
				PRODUCT_BUNDLE_IDENTIFIER = com.delucia.Fruitable;
				PRODUCT_NAME = "$(TARGET_NAME)";
				SWIFT_VERSION = 5.0;
				TARGETED_DEVICE_FAMILY = "1,2";
			};
			name = Debug;
		};
		E74C356D2434C1180019197C /* Release */ = {
			isa = XCBuildConfiguration;
			buildSettings = {
				ASSETCATALOG_COMPILER_APPICON_NAME = AppIcon;
				CODE_SIGN_STYLE = Automatic;
				DEVELOPMENT_TEAM = 256756VFT8;
				INFOPLIST_FILE = Fruitable/Info.plist;
				LD_RUNPATH_SEARCH_PATHS = (
					"$(inherited)",
					"@executable_path/Frameworks",
				);
				PRODUCT_BUNDLE_IDENTIFIER = com.delucia.Fruitable;
				PRODUCT_NAME = "$(TARGET_NAME)";
				SWIFT_VERSION = 5.0;
				TARGETED_DEVICE_FAMILY = "1,2";
			};
			name = Release;
		};
/* End XCBuildConfiguration section */

/* Begin XCConfigurationList section */
		E74C35522434C1170019197C /* Build configuration list for PBXProject "Fruitable" */ = {
			isa = XCConfigurationList;
			buildConfigurations = (
				E74C35692434C1180019197C /* Debug */,
				E74C356A2434C1180019197C /* Release */,
			);
			defaultConfigurationIsVisible = 0;
			defaultConfigurationName = Release;
		};
		E74C356B2434C1180019197C /* Build configuration list for PBXNativeTarget "Fruitable" */ = {
			isa = XCConfigurationList;
			buildConfigurations = (
				E74C356C2434C1180019197C /* Debug */,
				E74C356D2434C1180019197C /* Release */,
			);
			defaultConfigurationIsVisible = 0;
			defaultConfigurationName = Release;
		};
/* End XCConfigurationList section */
	};
	rootObject = E74C354F2434C1170019197C /* Project object */;
}
